
Microsoft Visual Studio Solution File, Format Version 12.00
# Visual Studio Version 17
VisualStudioVersion = 17.10.35013.160
MinimumVisualStudioVersion = 10.0.40219.1
Project("{FAE04EC0-301F-11D3-BF4B-00C04F79EFBC}") = "LokiAPI", "LokiAPI\LokiAPI.csproj", "{AD4833D5-700C-4009-8EF9-AF02F04FF60F}"
EndProject
Global
	GlobalSection(SolutionConfigurationPlatforms) = preSolution
		Debug|Any CPU = Debug|Any CPU
		Release|Any CPU = Release|Any CPU
	EndGlobalSection
	GlobalSection(ProjectConfigurationPlatforms) = postSolution
		{AD4833D5-700C-4009-8EF9-AF02F04FF60F}.Debug|Any CPU.ActiveCfg = Debug|Any CPU
		{AD4833D5-700C-4009-8EF9-AF02F04FF60F}.Debug|Any CPU.Build.0 = Debug|Any CPU
		{AD4833D5-700C-4009-8EF9-AF02F04FF60F}.Release|Any CPU.ActiveCfg = Release|Any CPU
		{AD4833D5-700C-4009-8EF9-AF02F04FF60F}.Release|Any CPU.Build.0 = Release|Any CPU
	EndGlobalSection
	GlobalSection(SolutionProperties) = preSolution
		HideSolutionNode = FALSE
	EndGlobalSection
	GlobalSection(ExtensibilityGlobals) = postSolution
		SolutionGuid = {46625033-D209-4929-8DC2-EB3DB87EBFA0}
	EndGlobalSection
EndGlobal
